
Microsoft Visual Studio Solution File, Format Version 12.00
# Visual Studio Version 17
VisualStudioVersion = 17.8.34309.116
MinimumVisualStudioVersion = 10.0.40219.1
Project("{FAE04EC0-301F-11D3-BF4B-00C04F79EFBC}") = "WinFormsHesapMakinesi", "WinFormsHesapMakinesi\WinFormsHesapMakinesi.csproj", "{1E53774F-5D23-4713-A0FB-6132606E803E}"
EndProject
Global
	GlobalSection(SolutionConfigurationPlatforms) = preSolution
		Debug|Any CPU = Debug|Any CPU
		Release|Any CPU = Release|Any CPU
	EndGlobalSection
	GlobalSection(ProjectConfigurationPlatforms) = postSolution
		{1E53774F-5D23-4713-A0FB-6132606E803E}.Debug|Any CPU.ActiveCfg = Debug|Any CPU
		{1E53774F-5D23-4713-A0FB-6132606E803E}.Debug|Any CPU.Build.0 = Debug|Any CPU
		{1E53774F-5D23-4713-A0FB-6132606E803E}.Release|Any CPU.ActiveCfg = Release|Any CPU
		{1E53774F-5D23-4713-A0FB-6132606E803E}.Release|Any CPU.Build.0 = Release|Any CPU
	EndGlobalSection
	GlobalSection(SolutionProperties) = preSolution
		HideSolutionNode = FALSE
	EndGlobalSection
	GlobalSection(ExtensibilityGlobals) = postSolution
		SolutionGuid = {E488ACB6-9861-443B-9834-BB86277EECDC}
	EndGlobalSection
EndGlobal
